version = 1
revision = 3
requires-python = ">=3.13"

[[package]]
name = "libaditya"
version = "0.2.9"
source = { editable = "." }
dependencies = [
    { name = "more-itertools" },
    { name = "prettytable" },
    { name = "pyswisseph" },
    { name = "toml" },
]

[package.dev-dependencies]
dev = [
    { name = "libaditya" },
]

[package.metadata]
requires-dist = [
    { name = "more-itertools", specifier = ">=10.8.0" },
    { name = "prettytable", specifier = ">=3.17.0" },
    { name = "pyswisseph", specifier = ">=2.10.3.2" },
    { name = "toml", specifier = ">=0.10.2" },
]

[package.metadata.requires-dev]
dev = [{ name = "libaditya", editable = "." }]

[[package]]
name = "more-itertools"
version = "10.8.0"
source = { registry = "https://pypi.org/simple" }
sdist = { url = "https://files.pythonhosted.org/packages/ea/5d/38b681d3fce7a266dd9ab73c66959406d565b3e85f21d5e66e1181d93721/more_itertools-10.8.0.tar.gz", hash = "sha256:f638ddf8a1a0d134181275fb5d58b086ead7c6a72429ad725c67503f13ba30bd", size = 137431, upload-time = "2025-09-02T15:23:11.018Z" }
wheels = [
    { url = "https://files.pythonhosted.org/packages/a4/8e/469e5a4a2f5855992e425f3cb33804cc07bf18d48f2db061aec61ce50270/more_itertools-10.8.0-py3-none-any.whl", hash = "sha256:52d4362373dcf7c52546bc4af9a86ee7c4579df9a8dc268be0a2f949d376cc9b", size = 69667, upload-time = "2025-09-02T15:23:09.635Z" },
]

[[package]]
name = "prettytable"
version = "3.17.0"
source = { registry = "https://pypi.org/simple" }
dependencies = [
    { name = "wcwidth" },
]
sdist = { url = "https://files.pythonhosted.org/packages/79/45/b0847d88d6cfeb4413566738c8bbf1e1995fad3d42515327ff32cc1eb578/prettytable-3.17.0.tar.gz", hash = "sha256:59f2590776527f3c9e8cf9fe7b66dd215837cca96a9c39567414cbc632e8ddb0", size = 67892, upload-time = "2025-11-14T17:33:20.212Z" }
wheels = [
    { url = "https://files.pythonhosted.org/packages/ee/8c/83087ebc47ab0396ce092363001fa37c17153119ee282700c0713a195853/prettytable-3.17.0-py3-none-any.whl", hash = "sha256:aad69b294ddbe3e1f95ef8886a060ed1666a0b83018bbf56295f6f226c43d287", size = 34433, upload-time = "2025-11-14T17:33:19.093Z" },
]

[[package]]
name = "pyswisseph"
version = "2.10.3.2"
source = { registry = "https://pypi.org/simple" }
sdist = { url = "https://files.pythonhosted.org/packages/66/a6/db70d67a00dda42ebd033538c086879328f4c17f670eafe8aca2f11abfef/pyswisseph-2.10.3.2.tar.gz", hash = "sha256:c54c305e83dbd5d2b71e58d8a69d8ee41de24c4d3328ce09e2af860a3537624d", size = 6940913, upload-time = "2023-06-04T17:05:53.293Z" }

[[package]]
name = "toml"
version = "0.10.2"
source = { registry = "https://pypi.org/simple" }
sdist = { url = "https://files.pythonhosted.org/packages/be/ba/1f744cdc819428fc6b5084ec34d9b30660f6f9daaf70eead706e3203ec3c/toml-0.10.2.tar.gz", hash = "sha256:b3bda1d108d5dd99f4a20d24d9c348e91c4db7ab1b749200bded2f839ccbe68f", size = 22253, upload-time = "2020-11-01T01:40:22.204Z" }
wheels = [
    { url = "https://files.pythonhosted.org/packages/44/6f/7120676b6d73228c96e17f1f794d8ab046fc910d781c8d151120c3f1569e/toml-0.10.2-py2.py3-none-any.whl", hash = "sha256:806143ae5bfb6a3c6e736a764057db0e6a0e05e338b5630894a5f779cabb4f9b", size = 16588, upload-time = "2020-11-01T01:40:20.672Z" },
]

[[package]]
name = "wcwidth"
version = "0.2.14"
source = { registry = "https://pypi.org/simple" }
sdist = { url = "https://files.pythonhosted.org/packages/24/30/6b0809f4510673dc723187aeaf24c7f5459922d01e2f794277a3dfb90345/wcwidth-0.2.14.tar.gz", hash = "sha256:4d478375d31bc5395a3c55c40ccdf3354688364cd61c4f6adacaa9215d0b3605", size = 102293, upload-time = "2025-09-22T16:29:53.023Z" }
wheels = [
    { url = "https://files.pythonhosted.org/packages/af/b5/123f13c975e9f27ab9c0770f514345bd406d0e8d3b7a0723af9d43f710af/wcwidth-0.2.14-py2.py3-none-any.whl", hash = "sha256:a7bb560c8aee30f9957e5f9895805edd20602f2d7f720186dfd906e82b4982e1", size = 37286, upload-time = "2025-09-22T16:29:51.641Z" },
]
